// !$*UTF8*$!
{
	archiveVersion = 1;
	classes = {
	};
	objectVersion = 50;
	objects = {

/* Begin PBXBuildFile section */
		4902A03C21AB477500B5093A /* AppDelegate.swift in Sources */ = {isa = PBXBuildFile; fileRef = 4902A03B21AB477500B5093A /* AppDelegate.swift */; };
		4902A04321AB477600B5093A /* Assets.xcassets in Resources */ = {isa = PBXBuildFile; fileRef = 4902A04221AB477600B5093A /* Assets.xcassets */; };
		4902A04621AB477600B5093A /* LaunchScreen.storyboard in Resources */ = {isa = PBXBuildFile; fileRef = 4902A04421AB477600B5093A /* LaunchScreen.storyboard */; };
		496674BE21AC39CD00957191 /* SignUpController.swift in Sources */ = {isa = PBXBuildFile; fileRef = 496674BD21AC39CD00957191 /* SignUpController.swift */; };
		49A16E6C21ACCA7B00ED7A9A /* CustomTextField.swift in Sources */ = {isa = PBXBuildFile; fileRef = 49A16E6B21ACCA7B00ED7A9A /* CustomTextField.swift */; };
		49A16E7021AD0D6A00ED7A9A /* SignInController.swift in Sources */ = {isa = PBXBuildFile; fileRef = 49A16E6F21AD0D6A00ED7A9A /* SignInController.swift */; };
		49A6599E21AB60D60071FFD5 /* HexToUIColor.swift in Sources */ = {isa = PBXBuildFile; fileRef = 49A6599D21AB60D60071FFD5 /* HexToUIColor.swift */; };
		49A659A021AB62E30071FFD5 /* WelcomeController.swift in Sources */ = {isa = PBXBuildFile; fileRef = 49A6599F21AB62E30071FFD5 /* WelcomeController.swift */; };
		49A659A221AB64E50071FFD5 /* WelcomCells.swift in Sources */ = {isa = PBXBuildFile; fileRef = 49A659A121AB64E50071FFD5 /* WelcomCells.swift */; };
		49A659A421AB89AC0071FFD5 /* WelcomePage.swift in Sources */ = {isa = PBXBuildFile; fileRef = 49A659A321AB89AC0071FFD5 /* WelcomePage.swift */; };
		91E672718EFC96718F8FA09F /* Pods_Team.framework in Frameworks */ = {isa = PBXBuildFile; fileRef = F1DDC4A90AA9A392371E5A0B /* Pods_Team.framework */; };
/* End PBXBuildFile section */

/* Begin PBXFileReference section */
		4902A03821AB477500B5093A /* Team.app */ = {isa = PBXFileReference; explicitFileType = wrapper.application; includeInIndex = 0; path = Team.app; sourceTree = BUILT_PRODUCTS_DIR; };
		4902A03B21AB477500B5093A /* AppDelegate.swift */ = {isa = PBXFileReference; lastKnownFileType = sourcecode.swift; path = AppDelegate.swift; sourceTree = "<group>"; };
		4902A04221AB477600B5093A /* Assets.xcassets */ = {isa = PBXFileReference; lastKnownFileType = folder.assetcatalog; path = Assets.xcassets; sourceTree = "<group>"; };
		4902A04521AB477600B5093A /* Base */ = {isa = PBXFileReference; lastKnownFileType = file.storyboard; name = Base; path = Base.lproj/LaunchScreen.storyboard; sourceTree = "<group>"; };
		4902A04721AB477600B5093A /* Info.plist */ = {isa = PBXFileReference; lastKnownFileType = text.plist.xml; path = Info.plist; sourceTree = "<group>"; };
		496674BD21AC39CD00957191 /* SignUpController.swift */ = {isa = PBXFileReference; lastKnownFileType = sourcecode.swift; path = SignUpController.swift; sourceTree = "<group>"; };
		49A16E6B21ACCA7B00ED7A9A /* CustomTextField.swift */ = {isa = PBXFileReference; lastKnownFileType = sourcecode.swift; path = CustomTextField.swift; sourceTree = "<group>"; };
		49A16E6F21AD0D6A00ED7A9A /* SignInController.swift */ = {isa = PBXFileReference; lastKnownFileType = sourcecode.swift; path = SignInController.swift; sourceTree = "<group>"; };
		49A6599D21AB60D60071FFD5 /* HexToUIColor.swift */ = {isa = PBXFileReference; lastKnownFileType = sourcecode.swift; path = HexToUIColor.swift; sourceTree = "<group>"; };
		49A6599F21AB62E30071FFD5 /* WelcomeController.swift */ = {isa = PBXFileReference; lastKnownFileType = sourcecode.swift; path = WelcomeController.swift; sourceTree = "<group>"; };
		49A659A121AB64E50071FFD5 /* WelcomCells.swift */ = {isa = PBXFileReference; lastKnownFileType = sourcecode.swift; path = WelcomCells.swift; sourceTree = "<group>"; };
		49A659A321AB89AC0071FFD5 /* WelcomePage.swift */ = {isa = PBXFileReference; lastKnownFileType = sourcecode.swift; path = WelcomePage.swift; sourceTree = "<group>"; };
		C144D42BB0E1D2AF8054E35D /* Pods-Team.debug.xcconfig */ = {isa = PBXFileReference; includeInIndex = 1; lastKnownFileType = text.xcconfig; name = "Pods-Team.debug.xcconfig"; path = "Pods/Target Support Files/Pods-Team/Pods-Team.debug.xcconfig"; sourceTree = "<group>"; };
		F1DDC4A90AA9A392371E5A0B /* Pods_Team.framework */ = {isa = PBXFileReference; explicitFileType = wrapper.framework; includeInIndex = 0; path = Pods_Team.framework; sourceTree = BUILT_PRODUCTS_DIR; };
		FE7F3F3B02EF21D144C282EF /* Pods-Team.release.xcconfig */ = {isa = PBXFileReference; includeInIndex = 1; lastKnownFileType = text.xcconfig; name = "Pods-Team.release.xcconfig"; path = "Pods/Target Support Files/Pods-Team/Pods-Team.release.xcconfig"; sourceTree = "<group>"; };
/* End PBXFileReference section */

/* Begin PBXFrameworksBuildPhase section */
		4902A03521AB477400B5093A /* Frameworks */ = {
			isa = PBXFrameworksBuildPhase;
			buildActionMask = 2147483647;
			files = (
				91E672718EFC96718F8FA09F /* Pods_Team.framework in Frameworks */,
			);
			runOnlyForDeploymentPostprocessing = 0;
		};
/* End PBXFrameworksBuildPhase section */

/* Begin PBXGroup section */
		4902A02F21AB477400B5093A = {
			isa = PBXGroup;
			children = (
				4902A03A21AB477500B5093A /* Team */,
				4902A03921AB477500B5093A /* Products */,
				B6D630F44D4AC43AFD7240CD /* Pods */,
				5C083FC8A40967D4D90BFB4E /* Frameworks */,
			);
			sourceTree = "<group>";
		};
		4902A03921AB477500B5093A /* Products */ = {
			isa = PBXGroup;
			children = (
				4902A03821AB477500B5093A /* Team.app */,
			);
			name = Products;
			sourceTree = "<group>";
		};
		4902A03A21AB477500B5093A /* Team */ = {
			isa = PBXGroup;
			children = (
				49A6599B21AB60B40071FFD5 /* Utils */,
				4902A03B21AB477500B5093A /* AppDelegate.swift */,
				49A16E6821ACB04200ED7A9A /* Views */,
				496674BC21AC399800957191 /* Welcome */,
				49A16E6D21ACEE3A00ED7A9A /* SignUp */,
				49A16E6E21AD0D5900ED7A9A /* SignIn */,
				4902A04221AB477600B5093A /* Assets.xcassets */,
				4902A04421AB477600B5093A /* LaunchScreen.storyboard */,
				4902A04721AB477600B5093A /* Info.plist */,
			);
			path = Team;
			sourceTree = "<group>";
		};
		496674BC21AC399800957191 /* Welcome */ = {
			isa = PBXGroup;
			children = (
				49A6599F21AB62E30071FFD5 /* WelcomeController.swift */,
				49A659A121AB64E50071FFD5 /* WelcomCells.swift */,
				49A659A321AB89AC0071FFD5 /* WelcomePage.swift */,
			);
			path = Welcome;
			sourceTree = "<group>";
		};
		49A16E6821ACB04200ED7A9A /* Views */ = {
			isa = PBXGroup;
			children = (
				49A16E6B21ACCA7B00ED7A9A /* CustomTextField.swift */,
			);
			path = Views;
			sourceTree = "<group>";
		};
		49A16E6D21ACEE3A00ED7A9A /* SignUp */ = {
			isa = PBXGroup;
			children = (
				496674BD21AC39CD00957191 /* SignUpController.swift */,
			);
			path = SignUp;
			sourceTree = "<group>";
		};
		49A16E6E21AD0D5900ED7A9A /* SignIn */ = {
			isa = PBXGroup;
			children = (
				49A16E6F21AD0D6A00ED7A9A /* SignInController.swift */,
			);
			path = SignIn;
			sourceTree = "<group>";
		};
		49A6599B21AB60B40071FFD5 /* Utils */ = {
			isa = PBXGroup;
			children = (
				49A6599C21AB60BB0071FFD5 /* Colors */,
			);
			path = Utils;
			sourceTree = "<group>";
		};
		49A6599C21AB60BB0071FFD5 /* Colors */ = {
			isa = PBXGroup;
			children = (
				49A6599D21AB60D60071FFD5 /* HexToUIColor.swift */,
			);
			path = Colors;
			sourceTree = "<group>";
		};
		5C083FC8A40967D4D90BFB4E /* Frameworks */ = {
			isa = PBXGroup;
			children = (
				F1DDC4A90AA9A392371E5A0B /* Pods_Team.framework */,
			);
			name = Frameworks;
			sourceTree = "<group>";
		};
		B6D630F44D4AC43AFD7240CD /* Pods */ = {
			isa = PBXGroup;
			children = (
				C144D42BB0E1D2AF8054E35D /* Pods-Team.debug.xcconfig */,
				FE7F3F3B02EF21D144C282EF /* Pods-Team.release.xcconfig */,
			);
			name = Pods;
			sourceTree = "<group>";
		};
/* End PBXGroup section */

/* Begin PBXNativeTarget section */
		4902A03721AB477400B5093A /* Team */ = {
			isa = PBXNativeTarget;
			buildConfigurationList = 4902A04A21AB477600B5093A /* Build configuration list for PBXNativeTarget "Team" */;
			buildPhases = (
				689D553568CAFDF5BEF6B336 /* [CP] Check Pods Manifest.lock */,
				4902A03421AB477400B5093A /* Sources */,
				4902A03521AB477400B5093A /* Frameworks */,
				4902A03621AB477400B5093A /* Resources */,
				CEE7133F13E309F609DA8ACA /* [CP] Embed Pods Frameworks */,
				91F72A785E2076FFE6E98687 /* [CP] Copy Pods Resources */,
			);
			buildRules = (
			);
			dependencies = (
			);
			name = Team;
			productName = Team;
			productReference = 4902A03821AB477500B5093A /* Team.app */;
			productType = "com.apple.product-type.application";
		};
/* End PBXNativeTarget section */

/* Begin PBXProject section */
		4902A03021AB477400B5093A /* Project object */ = {
			isa = PBXProject;
			attributes = {
				LastSwiftUpdateCheck = 1010;
				LastUpgradeCheck = 1010;
				ORGANIZATIONNAME = Jonathan;
				TargetAttributes = {
					4902A03721AB477400B5093A = {
						CreatedOnToolsVersion = 10.1;
					};
				};
			};
			buildConfigurationList = 4902A03321AB477400B5093A /* Build configuration list for PBXProject "Team" */;
			compatibilityVersion = "Xcode 9.3";
			developmentRegion = en;
			hasScannedForEncodings = 0;
			knownRegions = (
				en,
				Base,
			);
			mainGroup = 4902A02F21AB477400B5093A;
			productRefGroup = 4902A03921AB477500B5093A /* Products */;
			projectDirPath = "";
			projectRoot = "";
			targets = (
				4902A03721AB477400B5093A /* Team */,
			);
		};
/* End PBXProject section */

/* Begin PBXResourcesBuildPhase section */
		4902A03621AB477400B5093A /* Resources */ = {
			isa = PBXResourcesBuildPhase;
			buildActionMask = 2147483647;
			files = (
				4902A04621AB477600B5093A /* LaunchScreen.storyboard in Resources */,
				4902A04321AB477600B5093A /* Assets.xcassets in Resources */,
			);
			runOnlyForDeploymentPostprocessing = 0;
		};
/* End PBXResourcesBuildPhase section */

/* Begin PBXShellScriptBuildPhase section */
		689D553568CAFDF5BEF6B336 /* [CP] Check Pods Manifest.lock */ = {
			isa = PBXShellScriptBuildPhase;
			buildActionMask = 2147483647;
			files = (
			);
			inputPaths = (
				"${PODS_PODFILE_DIR_PATH}/Podfile.lock",
				"${PODS_ROOT}/Manifest.lock",
			);
			name = "[CP] Check Pods Manifest.lock";
			outputPaths = (
				"$(DERIVED_FILE_DIR)/Pods-Team-checkManifestLockResult.txt",
			);
			runOnlyForDeploymentPostprocessing = 0;
			shellPath = /bin/sh;
			shellScript = "diff \"${PODS_PODFILE_DIR_PATH}/Podfile.lock\" \"${PODS_ROOT}/Manifest.lock\" > /dev/null\nif [ $? != 0 ] ; then\n    # print error to STDERR\n    echo \"error: The sandbox is not in sync with the Podfile.lock. Run 'pod install' or update your CocoaPods installation.\" >&2\n    exit 1\nfi\n# This output is used by Xcode 'outputs' to avoid re-running this script phase.\necho \"SUCCESS\" > \"${SCRIPT_OUTPUT_FILE_0}\"\n";
			showEnvVarsInLog = 0;
		};
		91F72A785E2076FFE6E98687 /* [CP] Copy Pods Resources */ = {
			isa = PBXShellScriptBuildPhase;
			buildActionMask = 2147483647;
			files = (
			);
			inputPaths = (
			);
			name = "[CP] Copy Pods Resources";
			outputPaths = (
			);
			runOnlyForDeploymentPostprocessing = 0;
			shellPath = /bin/sh;
			shellScript = "\"${SRCROOT}/Pods/Target Support Files/Pods-Team/Pods-Team-resources.sh\"\n";
			showEnvVarsInLog = 0;
		};
		CEE7133F13E309F609DA8ACA /* [CP] Embed Pods Frameworks */ = {
			isa = PBXShellScriptBuildPhase;
			buildActionMask = 2147483647;
			files = (
			);
			inputPaths = (
				"${SRCROOT}/Pods/Target Support Files/Pods-Team/Pods-Team-frameworks.sh",
				"${BUILT_PRODUCTS_DIR}/Pastel/Pastel.framework",
			);
			name = "[CP] Embed Pods Frameworks";
			outputPaths = (
				"${TARGET_BUILD_DIR}/${FRAMEWORKS_FOLDER_PATH}/Pastel.framework",
			);
			runOnlyForDeploymentPostprocessing = 0;
			shellPath = /bin/sh;
			shellScript = "\"${SRCROOT}/Pods/Target Support Files/Pods-Team/Pods-Team-frameworks.sh\"\n";
			showEnvVarsInLog = 0;
		};
/* End PBXShellScriptBuildPhase section */

/* Begin PBXSourcesBuildPhase section */
		4902A03421AB477400B5093A /* Sources */ = {
			isa = PBXSourcesBuildPhase;
			buildActionMask = 2147483647;
			files = (
				496674BE21AC39CD00957191 /* SignUpController.swift in Sources */,
				4902A03C21AB477500B5093A /* AppDelegate.swift in Sources */,
				49A659A021AB62E30071FFD5 /* WelcomeController.swift in Sources */,
				49A16E6C21ACCA7B00ED7A9A /* CustomTextField.swift in Sources */,
				49A659A421AB89AC0071FFD5 /* WelcomePage.swift in Sources */,
				49A16E7021AD0D6A00ED7A9A /* SignInController.swift in Sources */,
				49A659A221AB64E50071FFD5 /* WelcomCells.swift in Sources */,
				49A6599E21AB60D60071FFD5 /* HexToUIColor.swift in Sources */,
			);
			runOnlyForDeploymentPostprocessing = 0;
		};
/* End PBXSourcesBuildPhase section */

/* Begin PBXVariantGroup section */
		4902A04421AB477600B5093A /* LaunchScreen.storyboard */ = {
			isa = PBXVariantGroup;
			children = (
				4902A04521AB477600B5093A /* Base */,
			);
			name = LaunchScreen.storyboard;
			sourceTree = "<group>";
		};
/* End PBXVariantGroup section */

/* Begin XCBuildConfiguration section */
		4902A04821AB477600B5093A /* Debug */ = {
			isa = XCBuildConfiguration;
			buildSettings = {
				ALWAYS_SEARCH_USER_PATHS = NO;
				CLANG_ANALYZER_NONNULL = YES;
				CLANG_ANALYZER_NUMBER_OBJECT_CONVERSION = YES_AGGRESSIVE;
				CLANG_CXX_LANGUAGE_STANDARD = "gnu++14";
				CLANG_CXX_LIBRARY = "libc++";
				CLANG_ENABLE_MODULES = YES;
				CLANG_ENABLE_OBJC_ARC = YES;
				CLANG_ENABLE_OBJC_WEAK = YES;
				CLANG_WARN_BLOCK_CAPTURE_AUTORELEASING = YES;
				CLANG_WARN_BOOL_CONVERSION = YES;
				CLANG_WARN_COMMA = YES;
				CLANG_WARN_CONSTANT_CONVERSION = YES;
				CLANG_WARN_DEPRECATED_OBJC_IMPLEMENTATIONS = YES;
				CLANG_WARN_DIRECT_OBJC_ISA_USAGE = YES_ERROR;
				CLANG_WARN_DOCUMENTATION_COMMENTS = YES;
				CLANG_WARN_EMPTY_BODY = YES;
				CLANG_WARN_ENUM_CONVERSION = YES;
				CLANG_WARN_INFINITE_RECURSION = YES;
				CLANG_WARN_INT_CONVERSION = YES;
				CLANG_WARN_NON_LITERAL_NULL_CONVERSION = YES;
				CLANG_WARN_OBJC_IMPLICIT_RETAIN_SELF = YES;
				CLANG_WARN_OBJC_LITERAL_CONVERSION = YES;
				CLANG_WARN_OBJC_ROOT_CLASS = YES_ERROR;
				CLANG_WARN_RANGE_LOOP_ANALYSIS = YES;
				CLANG_WARN_STRICT_PROTOTYPES = YES;
				CLANG_WARN_SUSPICIOUS_MOVE = YES;
				CLANG_WARN_UNGUARDED_AVAILABILITY = YES_AGGRESSIVE;
				CLANG_WARN_UNREACHABLE_CODE = YES;
				CLANG_WARN__DUPLICATE_METHOD_MATCH = YES;
				CODE_SIGN_IDENTITY = "iPhone Developer";
				COPY_PHASE_STRIP = NO;
				DEBUG_INFORMATION_FORMAT = dwarf;
				ENABLE_STRICT_OBJC_MSGSEND = YES;
				ENABLE_TESTABILITY = YES;
				GCC_C_LANGUAGE_STANDARD = gnu11;
				GCC_DYNAMIC_NO_PIC = NO;
				GCC_NO_COMMON_BLOCKS = YES;
				GCC_OPTIMIZATION_LEVEL = 0;
				GCC_PREPROCESSOR_DEFINITIONS = (
					"DEBUG=1",
					"$(inherited)",
				);
				GCC_WARN_64_TO_32_BIT_CONVERSION = YES;
				GCC_WARN_ABOUT_RETURN_TYPE = YES_ERROR;
				GCC_WARN_UNDECLARED_SELECTOR = YES;
				GCC_WARN_UNINITIALIZED_AUTOS = YES_AGGRESSIVE;
				GCC_WARN_UNUSED_FUNCTION = YES;
				GCC_WARN_UNUSED_VARIABLE = YES;
				IPHONEOS_DEPLOYMENT_TARGET = 12.1;
				MTL_ENABLE_DEBUG_INFO = INCLUDE_SOURCE;
				MTL_FAST_MATH = YES;
				ONLY_ACTIVE_ARCH = YES;
				SDKROOT = iphoneos;
				SWIFT_ACTIVE_COMPILATION_CONDITIONS = DEBUG;
				SWIFT_OPTIMIZATION_LEVEL = "-Onone";
			};
			name = Debug;
		};
		4902A04921AB477600B5093A /* Release */ = {
			isa = XCBuildConfiguration;
			buildSettings = {
				ALWAYS_SEARCH_USER_PATHS = NO;
				CLANG_ANALYZER_NONNULL = YES;
				CLANG_ANALYZER_NUMBER_OBJECT_CONVERSION = YES_AGGRESSIVE;
				CLANG_CXX_LANGUAGE_STANDARD = "gnu++14";
				CLANG_CXX_LIBRARY = "libc++";
				CLANG_ENABLE_MODULES = YES;
				CLANG_ENABLE_OBJC_ARC = YES;
				CLANG_ENABLE_OBJC_WEAK = YES;
				CLANG_WARN_BLOCK_CAPTURE_AUTORELEASING = YES;
				CLANG_WARN_BOOL_CONVERSION = YES;
				CLANG_WARN_COMMA = YES;
				CLANG_WARN_CONSTANT_CONVERSION = YES;
				CLANG_WARN_DEPRECATED_OBJC_IMPLEMENTATIONS = YES;
				CLANG_WARN_DIRECT_OBJC_ISA_USAGE = YES_ERROR;
				CLANG_WARN_DOCUMENTATION_COMMENTS = YES;
				CLANG_WARN_EMPTY_BODY = YES;
				CLANG_WARN_ENUM_CONVERSION = YES;
				CLANG_WARN_INFINITE_RECURSION = YES;
				CLANG_WARN_INT_CONVERSION = YES;
				CLANG_WARN_NON_LITERAL_NULL_CONVERSION = YES;
				CLANG_WARN_OBJC_IMPLICIT_RETAIN_SELF = YES;
				CLANG_WARN_OBJC_LITERAL_CONVERSION = YES;
				CLANG_WARN_OBJC_ROOT_CLASS = YES_ERROR;
				CLANG_WARN_RANGE_LOOP_ANALYSIS = YES;
				CLANG_WARN_STRICT_PROTOTYPES = YES;
				CLANG_WARN_SUSPICIOUS_MOVE = YES;
				CLANG_WARN_UNGUARDED_AVAILABILITY = YES_AGGRESSIVE;
				CLANG_WARN_UNREACHABLE_CODE = YES;
				CLANG_WARN__DUPLICATE_METHOD_MATCH = YES;
				CODE_SIGN_IDENTITY = "iPhone Developer";
				COPY_PHASE_STRIP = NO;
				DEBUG_INFORMATION_FORMAT = "dwarf-with-dsym";
				ENABLE_NS_ASSERTIONS = NO;
				ENABLE_STRICT_OBJC_MSGSEND = YES;
				GCC_C_LANGUAGE_STANDARD = gnu11;
				GCC_NO_COMMON_BLOCKS = YES;
				GCC_WARN_64_TO_32_BIT_CONVERSION = YES;
				GCC_WARN_ABOUT_RETURN_TYPE = YES_ERROR;
				GCC_WARN_UNDECLARED_SELECTOR = YES;
				GCC_WARN_UNINITIALIZED_AUTOS = YES_AGGRESSIVE;
				GCC_WARN_UNUSED_FUNCTION = YES;
				GCC_WARN_UNUSED_VARIABLE = YES;
				IPHONEOS_DEPLOYMENT_TARGET = 12.1;
				MTL_ENABLE_DEBUG_INFO = NO;
				MTL_FAST_MATH = YES;
				SDKROOT = iphoneos;
				SWIFT_COMPILATION_MODE = wholemodule;
				SWIFT_OPTIMIZATION_LEVEL = "-O";
				VALIDATE_PRODUCT = YES;
			};
			name = Release;
		};
		4902A04B21AB477600B5093A /* Debug */ = {
			isa = XCBuildConfiguration;
			baseConfigurationReference = C144D42BB0E1D2AF8054E35D /* Pods-Team.debug.xcconfig */;
			buildSettings = {
				ASSETCATALOG_COMPILER_APPICON_NAME = AppIcon;
				CODE_SIGN_STYLE = Automatic;
				DEVELOPMENT_TEAM = MBQ2JLQD83;
				INFOPLIST_FILE = Team/Info.plist;
				LD_RUNPATH_SEARCH_PATHS = (
					"$(inherited)",
					"@executable_path/Frameworks",
				);
				PRODUCT_BUNDLE_IDENTIFIER = com.jon.cal.Team;
				PRODUCT_NAME = "$(TARGET_NAME)";
				SWIFT_VERSION = 4.2;
				TARGETED_DEVICE_FAMILY = 1;
			};
			name = Debug;
		};
		4902A04C21AB477600B5093A /* Release */ = {
			isa = XCBuildConfiguration;
			baseConfigurationReference = FE7F3F3B02EF21D144C282EF /* Pods-Team.release.xcconfig */;
			buildSettings = {
				ASSETCATALOG_COMPILER_APPICON_NAME = AppIcon;
				CODE_SIGN_STYLE = Automatic;
				DEVELOPMENT_TEAM = MBQ2JLQD83;
				INFOPLIST_FILE = Team/Info.plist;
				LD_RUNPATH_SEARCH_PATHS = (
					"$(inherited)",
					"@executable_path/Frameworks",
				);
				PRODUCT_BUNDLE_IDENTIFIER = com.jon.cal.Team;
				PRODUCT_NAME = "$(TARGET_NAME)";
				SWIFT_VERSION = 4.2;
				TARGETED_DEVICE_FAMILY = 1;
			};
			name = Release;
		};
/* End XCBuildConfiguration section */

/* Begin XCConfigurationList section */
		4902A03321AB477400B5093A /* Build configuration list for PBXProject "Team" */ = {
			isa = XCConfigurationList;
			buildConfigurations = (
				4902A04821AB477600B5093A /* Debug */,
				4902A04921AB477600B5093A /* Release */,
			);
			defaultConfigurationIsVisible = 0;
			defaultConfigurationName = Release;
		};
		4902A04A21AB477600B5093A /* Build configuration list for PBXNativeTarget "Team" */ = {
			isa = XCConfigurationList;
			buildConfigurations = (
				4902A04B21AB477600B5093A /* Debug */,
				4902A04C21AB477600B5093A /* Release */,
			);
			defaultConfigurationIsVisible = 0;
			defaultConfigurationName = Release;
		};
/* End XCConfigurationList section */
	};
	rootObject = 4902A03021AB477400B5093A /* Project object */;
}
